
Microsoft Visual Studio Solution File, Format Version 12.00
# Visual Studio Version 17
VisualStudioVersion = 17.4.33122.133
MinimumVisualStudioVersion = 10.0.40219.1
Project("{FAE04EC0-301F-11D3-BF4B-00C04F79EFBC}") = "webapp", "webapp\webapp.csproj", "{FAB2C284-BE66-4D88-96E5-1E631676219A}"
EndProject
Global
	GlobalSection(SolutionConfigurationPlatforms) = preSolution
		Debug|Any CPU = Debug|Any CPU
		Release|Any CPU = Release|Any CPU
	EndGlobalSection
	GlobalSection(ProjectConfigurationPlatforms) = postSolution
		{FAB2C284-BE66-4D88-96E5-1E631676219A}.Debug|Any CPU.ActiveCfg = Debug|Any CPU
		{FAB2C284-BE66-4D88-96E5-1E631676219A}.Debug|Any CPU.Build.0 = Debug|Any CPU
		{FAB2C284-BE66-4D88-96E5-1E631676219A}.Release|Any CPU.ActiveCfg = Release|Any CPU
		{FAB2C284-BE66-4D88-96E5-1E631676219A}.Release|Any CPU.Build.0 = Release|Any CPU
	EndGlobalSection
	GlobalSection(SolutionProperties) = preSolution
		HideSolutionNode = FALSE
	EndGlobalSection
	GlobalSection(ExtensibilityGlobals) = postSolution
		SolutionGuid = {1F687E24-6718-4008-AE6C-FEAE8A1F9876}
	EndGlobalSection
EndGlobal
